// !$*UTF8*$!
{
	archiveVersion = 1;
	classes = {
	};
	objectVersion = 46;
	objects = {

/* Begin PBXBuildFile section */
		7A2F2D1F1CA893AF0060E9B8 /* AppDelegate.swift in Sources */ = {isa = PBXBuildFile; fileRef = 7A2F2D1D1CA893AF0060E9B8 /* AppDelegate.swift */; };
		7A2F2D201CA893AF0060E9B8 /* ViewController.swift in Sources */ = {isa = PBXBuildFile; fileRef = 7A2F2D1E1CA893AF0060E9B8 /* ViewController.swift */; };
		7A2F2D241CA893E30060E9B8 /* TableViewDataStatus.swift in Sources */ = {isa = PBXBuildFile; fileRef = 7A2F2D231CA893E30060E9B8 /* TableViewDataStatus.swift */; };
		7A718A7A1CA856C20011FD58 /* Main.storyboard in Resources */ = {isa = PBXBuildFile; fileRef = 7A718A781CA856C20011FD58 /* Main.storyboard */; };
		7A718A7C1CA856C20011FD58 /* Assets.xcassets in Resources */ = {isa = PBXBuildFile; fileRef = 7A718A7B1CA856C20011FD58 /* Assets.xcassets */; };
		7A718A7F1CA856C20011FD58 /* LaunchScreen.storyboard in Resources */ = {isa = PBXBuildFile; fileRef = 7A718A7D1CA856C20011FD58 /* LaunchScreen.storyboard */; };
/* End PBXBuildFile section */

/* Begin PBXFileReference section */
		7A2F2D1D1CA893AF0060E9B8 /* AppDelegate.swift */ = {isa = PBXFileReference; fileEncoding = 4; lastKnownFileType = sourcecode.swift; path = AppDelegate.swift; sourceTree = "<group>"; };
		7A2F2D1E1CA893AF0060E9B8 /* ViewController.swift */ = {isa = PBXFileReference; fileEncoding = 4; lastKnownFileType = sourcecode.swift; path = ViewController.swift; sourceTree = "<group>"; };
		7A2F2D231CA893E30060E9B8 /* TableViewDataStatus.swift */ = {isa = PBXFileReference; fileEncoding = 4; lastKnownFileType = sourcecode.swift; path = TableViewDataStatus.swift; sourceTree = "<group>"; };
		7A718A711CA856C20011FD58 /* TableViewDataStatus.app */ = {isa = PBXFileReference; explicitFileType = wrapper.application; includeInIndex = 0; path = TableViewDataStatus.app; sourceTree = BUILT_PRODUCTS_DIR; };
		7A718A791CA856C20011FD58 /* Base */ = {isa = PBXFileReference; lastKnownFileType = file.storyboard; name = Base; path = Base.lproj/Main.storyboard; sourceTree = "<group>"; };
		7A718A7B1CA856C20011FD58 /* Assets.xcassets */ = {isa = PBXFileReference; lastKnownFileType = folder.assetcatalog; path = Assets.xcassets; sourceTree = "<group>"; };
		7A718A7E1CA856C20011FD58 /* Base */ = {isa = PBXFileReference; lastKnownFileType = file.storyboard; name = Base; path = Base.lproj/LaunchScreen.storyboard; sourceTree = "<group>"; };
		7A718A801CA856C20011FD58 /* Info.plist */ = {isa = PBXFileReference; lastKnownFileType = text.plist.xml; path = Info.plist; sourceTree = "<group>"; };
/* End PBXFileReference section */

/* Begin PBXFrameworksBuildPhase section */
		7A718A6E1CA856C20011FD58 /* Frameworks */ = {
			isa = PBXFrameworksBuildPhase;
			buildActionMask = 2147483647;
			files = (
			);
			runOnlyForDeploymentPostprocessing = 0;
		};
/* End PBXFrameworksBuildPhase section */

/* Begin PBXGroup section */
		7A2F2D1C1CA893AF0060E9B8 /* Example */ = {
			isa = PBXGroup;
			children = (
				7A2F2D1D1CA893AF0060E9B8 /* AppDelegate.swift */,
				7A2F2D1E1CA893AF0060E9B8 /* ViewController.swift */,
			);
			path = Example;
			sourceTree = "<group>";
		};
		7A2F2D221CA893CB0060E9B8 /* TableViewDataStatus-iOS */ = {
			isa = PBXGroup;
			children = (
				7A2F2D231CA893E30060E9B8 /* TableViewDataStatus.swift */,
			);
			path = "TableViewDataStatus-iOS";
			sourceTree = SOURCE_ROOT;
		};
		7A718A681CA856C20011FD58 = {
			isa = PBXGroup;
			children = (
				7A718A731CA856C20011FD58 /* TableViewDataStatus */,
				7A718A721CA856C20011FD58 /* Products */,
			);
			sourceTree = "<group>";
		};
		7A718A721CA856C20011FD58 /* Products */ = {
			isa = PBXGroup;
			children = (
				7A718A711CA856C20011FD58 /* TableViewDataStatus.app */,
			);
			name = Products;
			sourceTree = "<group>";
		};
		7A718A731CA856C20011FD58 /* TableViewDataStatus */ = {
			isa = PBXGroup;
			children = (
				7A2F2D221CA893CB0060E9B8 /* TableViewDataStatus-iOS */,
				7A2F2D1C1CA893AF0060E9B8 /* Example */,
				7A718A781CA856C20011FD58 /* Main.storyboard */,
				7A718A7B1CA856C20011FD58 /* Assets.xcassets */,
				7A718A7D1CA856C20011FD58 /* LaunchScreen.storyboard */,
				7A718A801CA856C20011FD58 /* Info.plist */,
			);
			path = TableViewDataStatus;
			sourceTree = "<group>";
		};
/* End PBXGroup section */

/* Begin PBXNativeTarget section */
		7A718A701CA856C20011FD58 /* TableViewDataStatus */ = {
			isa = PBXNativeTarget;
			buildConfigurationList = 7A718A831CA856C20011FD58 /* Build configuration list for PBXNativeTarget "TableViewDataStatus" */;
			buildPhases = (
				7A718A6D1CA856C20011FD58 /* Sources */,
				7A718A6E1CA856C20011FD58 /* Frameworks */,
				7A718A6F1CA856C20011FD58 /* Resources */,
			);
			buildRules = (
			);
			dependencies = (
			);
			name = TableViewDataStatus;
			productName = TableViewDataStatus;
			productReference = 7A718A711CA856C20011FD58 /* TableViewDataStatus.app */;
			productType = "com.apple.product-type.application";
		};
/* End PBXNativeTarget section */

/* Begin PBXProject section */
		7A718A691CA856C20011FD58 /* Project object */ = {
			isa = PBXProject;
			attributes = {
				LastSwiftUpdateCheck = 0720;
				LastUpgradeCheck = 0720;
				ORGANIZATIONNAME = "Gabriel Massana";
				TargetAttributes = {
					7A718A701CA856C20011FD58 = {
						CreatedOnToolsVersion = 7.2;
					};
				};
			};
			buildConfigurationList = 7A718A6C1CA856C20011FD58 /* Build configuration list for PBXProject "TableViewDataStatus" */;
			compatibilityVersion = "Xcode 3.2";
			developmentRegion = English;
			hasScannedForEncodings = 0;
			knownRegions = (
				en,
				Base,
			);
			mainGroup = 7A718A681CA856C20011FD58;
			productRefGroup = 7A718A721CA856C20011FD58 /* Products */;
			projectDirPath = "";
			projectRoot = "";
			targets = (
				7A718A701CA856C20011FD58 /* TableViewDataStatus */,
			);
		};
/* End PBXProject section */

/* Begin PBXResourcesBuildPhase section */
		7A718A6F1CA856C20011FD58 /* Resources */ = {
			isa = PBXResourcesBuildPhase;
			buildActionMask = 2147483647;
			files = (
				7A718A7F1CA856C20011FD58 /* LaunchScreen.storyboard in Resources */,
				7A718A7C1CA856C20011FD58 /* Assets.xcassets in Resources */,
				7A718A7A1CA856C20011FD58 /* Main.storyboard in Resources */,
			);
			runOnlyForDeploymentPostprocessing = 0;
		};
/* End PBXResourcesBuildPhase section */

/* Begin PBXSourcesBuildPhase section */
		7A718A6D1CA856C20011FD58 /* Sources */ = {
			isa = PBXSourcesBuildPhase;
			buildActionMask = 2147483647;
			files = (
				7A2F2D201CA893AF0060E9B8 /* ViewController.swift in Sources */,
				7A2F2D241CA893E30060E9B8 /* TableViewDataStatus.swift in Sources */,
				7A2F2D1F1CA893AF0060E9B8 /* AppDelegate.swift in Sources */,
			);
			runOnlyForDeploymentPostprocessing = 0;
		};
/* End PBXSourcesBuildPhase section */

/* Begin PBXVariantGroup section */
		7A718A781CA856C20011FD58 /* Main.storyboard */ = {
			isa = PBXVariantGroup;
			children = (
				7A718A791CA856C20011FD58 /* Base */,
			);
			name = Main.storyboard;
			sourceTree = "<group>";
		};
		7A718A7D1CA856C20011FD58 /* LaunchScreen.storyboard */ = {
			isa = PBXVariantGroup;
			children = (
				7A718A7E1CA856C20011FD58 /* Base */,
			);
			name = LaunchScreen.storyboard;
			sourceTree = "<group>";
		};
/* End PBXVariantGroup section */

/* Begin XCBuildConfiguration section */
		7A718A811CA856C20011FD58 /* Debug */ = {
			isa = XCBuildConfiguration;
			buildSettings = {
				ALWAYS_SEARCH_USER_PATHS = NO;
				CLANG_CXX_LANGUAGE_STANDARD = "gnu++0x";
				CLANG_CXX_LIBRARY = "libc++";
				CLANG_ENABLE_MODULES = YES;
				CLANG_ENABLE_OBJC_ARC = YES;
				CLANG_WARN_BOOL_CONVERSION = YES;
				CLANG_WARN_CONSTANT_CONVERSION = YES;
				CLANG_WARN_DIRECT_OBJC_ISA_USAGE = YES_ERROR;
				CLANG_WARN_EMPTY_BODY = YES;
				CLANG_WARN_ENUM_CONVERSION = YES;
				CLANG_WARN_INT_CONVERSION = YES;
				CLANG_WARN_OBJC_ROOT_CLASS = YES_ERROR;
				CLANG_WARN_UNREACHABLE_CODE = YES;
				CLANG_WARN__DUPLICATE_METHOD_MATCH = YES;
				"CODE_SIGN_IDENTITY[sdk=iphoneos*]" = "iPhone Developer";
				COPY_PHASE_STRIP = NO;
				DEBUG_INFORMATION_FORMAT = dwarf;
				ENABLE_STRICT_OBJC_MSGSEND = YES;
				ENABLE_TESTABILITY = YES;
				GCC_C_LANGUAGE_STANDARD = gnu99;
				GCC_DYNAMIC_NO_PIC = NO;
				GCC_NO_COMMON_BLOCKS = YES;
				GCC_OPTIMIZATION_LEVEL = 0;
				GCC_PREPROCESSOR_DEFINITIONS = (
					"DEBUG=1",
					"$(inherited)",
				);
				GCC_WARN_64_TO_32_BIT_CONVERSION = YES;
				GCC_WARN_ABOUT_RETURN_TYPE = YES_ERROR;
				GCC_WARN_UNDECLARED_SELECTOR = YES;
				GCC_WARN_UNINITIALIZED_AUTOS = YES_AGGRESSIVE;
				GCC_WARN_UNUSED_FUNCTION = YES;
				GCC_WARN_UNUSED_VARIABLE = YES;
				IPHONEOS_DEPLOYMENT_TARGET = 9.2;
				MTL_ENABLE_DEBUG_INFO = YES;
				ONLY_ACTIVE_ARCH = YES;
				SDKROOT = iphoneos;
				SWIFT_OPTIMIZATION_LEVEL = "-Onone";
			};
			name = Debug;
		};
		7A718A821CA856C20011FD58 /* Release */ = {
			isa = XCBuildConfiguration;
			buildSettings = {
				ALWAYS_SEARCH_USER_PATHS = NO;
				CLANG_CXX_LANGUAGE_STANDARD = "gnu++0x";
				CLANG_CXX_LIBRARY = "libc++";
				CLANG_ENABLE_MODULES = YES;
				CLANG_ENABLE_OBJC_ARC = YES;
				CLANG_WARN_BOOL_CONVERSION = YES;
				CLANG_WARN_CONSTANT_CONVERSION = YES;
				CLANG_WARN_DIRECT_OBJC_ISA_USAGE = YES_ERROR;
				CLANG_WARN_EMPTY_BODY = YES;
				CLANG_WARN_ENUM_CONVERSION = YES;
				CLANG_WARN_INT_CONVERSION = YES;
				CLANG_WARN_OBJC_ROOT_CLASS = YES_ERROR;
				CLANG_WARN_UNREACHABLE_CODE = YES;
				CLANG_WARN__DUPLICATE_METHOD_MATCH = YES;
				"CODE_SIGN_IDENTITY[sdk=iphoneos*]" = "iPhone Developer";
				COPY_PHASE_STRIP = NO;
				DEBUG_INFORMATION_FORMAT = "dwarf-with-dsym";
				ENABLE_NS_ASSERTIONS = NO;
				ENABLE_STRICT_OBJC_MSGSEND = YES;
				GCC_C_LANGUAGE_STANDARD = gnu99;
				GCC_NO_COMMON_BLOCKS = YES;
				GCC_WARN_64_TO_32_BIT_CONVERSION = YES;
				GCC_WARN_ABOUT_RETURN_TYPE = YES_ERROR;
				GCC_WARN_UNDECLARED_SELECTOR = YES;
				GCC_WARN_UNINITIALIZED_AUTOS = YES_AGGRESSIVE;
				GCC_WARN_UNUSED_FUNCTION = YES;
				GCC_WARN_UNUSED_VARIABLE = YES;
				IPHONEOS_DEPLOYMENT_TARGET = 9.2;
				MTL_ENABLE_DEBUG_INFO = NO;
				SDKROOT = iphoneos;
				VALIDATE_PRODUCT = YES;
			};
			name = Release;
		};
		7A718A841CA856C20011FD58 /* Debug */ = {
			isa = XCBuildConfiguration;
			buildSettings = {
				ASSETCATALOG_COMPILER_APPICON_NAME = AppIcon;
				INFOPLIST_FILE = TableViewDataStatus/Info.plist;
				IPHONEOS_DEPLOYMENT_TARGET = 9.0;
				LD_RUNPATH_SEARCH_PATHS = "$(inherited) @executable_path/Frameworks";
				PRODUCT_BUNDLE_IDENTIFIER = "Gabriel-Massana.TableViewDataStatus";
				PRODUCT_NAME = "$(TARGET_NAME)";
			};
			name = Debug;
		};
		7A718A851CA856C20011FD58 /* Release */ = {
			isa = XCBuildConfiguration;
			buildSettings = {
				ASSETCATALOG_COMPILER_APPICON_NAME = AppIcon;
				INFOPLIST_FILE = TableViewDataStatus/Info.plist;
				IPHONEOS_DEPLOYMENT_TARGET = 9.0;
				LD_RUNPATH_SEARCH_PATHS = "$(inherited) @executable_path/Frameworks";
				PRODUCT_BUNDLE_IDENTIFIER = "Gabriel-Massana.TableViewDataStatus";
				PRODUCT_NAME = "$(TARGET_NAME)";
			};
			name = Release;
		};
/* End XCBuildConfiguration section */

/* Begin XCConfigurationList section */
		7A718A6C1CA856C20011FD58 /* Build configuration list for PBXProject "TableViewDataStatus" */ = {
			isa = XCConfigurationList;
			buildConfigurations = (
				7A718A811CA856C20011FD58 /* Debug */,
				7A718A821CA856C20011FD58 /* Release */,
			);
			defaultConfigurationIsVisible = 0;
			defaultConfigurationName = Release;
		};
		7A718A831CA856C20011FD58 /* Build configuration list for PBXNativeTarget "TableViewDataStatus" */ = {
			isa = XCConfigurationList;
			buildConfigurations = (
				7A718A841CA856C20011FD58 /* Debug */,
				7A718A851CA856C20011FD58 /* Release */,
			);
			defaultConfigurationIsVisible = 0;
			defaultConfigurationName = Release;
		};
/* End XCConfigurationList section */
	};
	rootObject = 7A718A691CA856C20011FD58 /* Project object */;
}
